# This file is automatically @generated by Cargo.
# It is not intended for manual editing.
version = 4

[[package]]
name = "hexyg-cli"
version = "0.1.0"
dependencies = [
 "hexyg-core",
]

[[package]]
name = "hexyg-core"
version = "0.1.0"

[[package]]
name = "hexyg-lsp"
version = "0.1.0"
dependencies = [
 "hexyg-core",
]
